
Microsoft Visual Studio Solution File, Format Version 12.00
# Visual Studio 15
VisualStudioVersion = 15.0.26430.14
MinimumVisualStudioVersion = 10.0.40219.1
Project("{FAE04EC0-301F-11D3-BF4B-00C04F79EFBC}") = "WebApplication1", "WebApplication1\WebApplication1.csproj", "{DB67B65D-BAA4-4489-8331-A3636569F72E}"
EndProject
Global
	GlobalSection(SolutionConfigurationPlatforms) = preSolution
		Debug|Any CPU = Debug|Any CPU
		Release|Any CPU = Release|Any CPU
	EndGlobalSection
	GlobalSection(ProjectConfigurationPlatforms) = postSolution
		{DB67B65D-BAA4-4489-8331-A3636569F72E}.Debug|Any CPU.ActiveCfg = Debug|Any CPU
		{DB67B65D-BAA4-4489-8331-A3636569F72E}.Debug|Any CPU.Build.0 = Debug|Any CPU
		{DB67B65D-BAA4-4489-8331-A3636569F72E}.Release|Any CPU.ActiveCfg = Release|Any CPU
		{DB67B65D-BAA4-4489-8331-A3636569F72E}.Release|Any CPU.Build.0 = Release|Any CPU
	EndGlobalSection
	GlobalSection(SolutionProperties) = preSolution
		HideSolutionNode = FALSE
	EndGlobalSection
EndGlobal
